
Microsoft Visual Studio Solution File, Format Version 12.00
# Visual Studio Version 17
VisualStudioVersion = 17.1.32228.430
MinimumVisualStudioVersion = 10.0.40219.1
Project("{FAE04EC0-301F-11D3-BF4B-00C04F79EFBC}") = "EAgenda.WinApp", "EAgenada.WinApp\EAgenda.WinApp.csproj", "{C5FB1137-4818-463A-AA59-1A0C2C3C3A1C}"
EndProject
Project("{2150E333-8FDC-42A3-9474-1A3956D46DE8}") = "1- Apresentação", "1- Apresentação", "{66389B9C-7446-4DFA-909B-AFD72FB95D0A}"
EndProject
Project("{2150E333-8FDC-42A3-9474-1A3956D46DE8}") = "2- Dominio", "2- Dominio", "{4F7E6070-43CD-4452-8004-FF22BAD29E80}"
EndProject
Project("{2150E333-8FDC-42A3-9474-1A3956D46DE8}") = "3- Infra", "3- Infra", "{24BA115A-49A5-41D4-AC57-3F5084168697}"
EndProject
Project("{FAE04EC0-301F-11D3-BF4B-00C04F79EFBC}") = "EAgenda.Dominio", "EAgenda.Dominio\EAgenda.Dominio.csproj", "{64AE6AF1-17F8-4548-B458-372DA77E3F4D}"
EndProject
Global
	GlobalSection(SolutionConfigurationPlatforms) = preSolution
		Debug|Any CPU = Debug|Any CPU
		Release|Any CPU = Release|Any CPU
	EndGlobalSection
	GlobalSection(ProjectConfigurationPlatforms) = postSolution
		{C5FB1137-4818-463A-AA59-1A0C2C3C3A1C}.Debug|Any CPU.ActiveCfg = Debug|Any CPU
		{C5FB1137-4818-463A-AA59-1A0C2C3C3A1C}.Debug|Any CPU.Build.0 = Debug|Any CPU
		{C5FB1137-4818-463A-AA59-1A0C2C3C3A1C}.Release|Any CPU.ActiveCfg = Release|Any CPU
		{C5FB1137-4818-463A-AA59-1A0C2C3C3A1C}.Release|Any CPU.Build.0 = Release|Any CPU
		{64AE6AF1-17F8-4548-B458-372DA77E3F4D}.Debug|Any CPU.ActiveCfg = Debug|Any CPU
		{64AE6AF1-17F8-4548-B458-372DA77E3F4D}.Debug|Any CPU.Build.0 = Debug|Any CPU
		{64AE6AF1-17F8-4548-B458-372DA77E3F4D}.Release|Any CPU.ActiveCfg = Release|Any CPU
		{64AE6AF1-17F8-4548-B458-372DA77E3F4D}.Release|Any CPU.Build.0 = Release|Any CPU
	EndGlobalSection
	GlobalSection(SolutionProperties) = preSolution
		HideSolutionNode = FALSE
	EndGlobalSection
	GlobalSection(NestedProjects) = preSolution
		{C5FB1137-4818-463A-AA59-1A0C2C3C3A1C} = {66389B9C-7446-4DFA-909B-AFD72FB95D0A}
		{64AE6AF1-17F8-4548-B458-372DA77E3F4D} = {4F7E6070-43CD-4452-8004-FF22BAD29E80}
	EndGlobalSection
	GlobalSection(ExtensibilityGlobals) = postSolution
		SolutionGuid = {C10F5CAB-4581-4AEF-9382-8396FB114CC9}
	EndGlobalSection
EndGlobal
